
Microsoft Visual Studio Solution File, Format Version 12.00
# Visual Studio Version 16
VisualStudioVersion = 16.0.31729.503
MinimumVisualStudioVersion = 10.0.40219.1
Project("{FAE04EC0-301F-11D3-BF4B-00C04F79EFBC}") = "thi", "thi\thi.csproj", "{0B75D69A-18B6-44FC-96B8-2D75601D5610}"
EndProject
Global
	GlobalSection(SolutionConfigurationPlatforms) = preSolution
		Debug|Any CPU = Debug|Any CPU
		Release|Any CPU = Release|Any CPU
	EndGlobalSection
	GlobalSection(ProjectConfigurationPlatforms) = postSolution
		{0B75D69A-18B6-44FC-96B8-2D75601D5610}.Debug|Any CPU.ActiveCfg = Debug|Any CPU
		{0B75D69A-18B6-44FC-96B8-2D75601D5610}.Debug|Any CPU.Build.0 = Debug|Any CPU
		{0B75D69A-18B6-44FC-96B8-2D75601D5610}.Release|Any CPU.ActiveCfg = Release|Any CPU
		{0B75D69A-18B6-44FC-96B8-2D75601D5610}.Release|Any CPU.Build.0 = Release|Any CPU
	EndGlobalSection
	GlobalSection(SolutionProperties) = preSolution
		HideSolutionNode = FALSE
	EndGlobalSection
	GlobalSection(ExtensibilityGlobals) = postSolution
		SolutionGuid = {F29D2B71-10CC-462E-A152-E89A0D14B589}
	EndGlobalSection
EndGlobal
