
Microsoft Visual Studio Solution File, Format Version 12.00
# Visual Studio Version 16
VisualStudioVersion = 16.0.31729.503
MinimumVisualStudioVersion = 10.0.40219.1
Project("{FAE04EC0-301F-11D3-BF4B-00C04F79EFBC}") = "ChuongTrinhDauTien", "ChuongTrinhDauTien\ChuongTrinhDauTien.csproj", "{897E2FA9-03E9-4346-8D57-42CF67F1022C}"
EndProject
Global
	GlobalSection(SolutionConfigurationPlatforms) = preSolution
		Debug|Any CPU = Debug|Any CPU
		Release|Any CPU = Release|Any CPU
	EndGlobalSection
	GlobalSection(ProjectConfigurationPlatforms) = postSolution
		{897E2FA9-03E9-4346-8D57-42CF67F1022C}.Debug|Any CPU.ActiveCfg = Debug|Any CPU
		{897E2FA9-03E9-4346-8D57-42CF67F1022C}.Debug|Any CPU.Build.0 = Debug|Any CPU
		{897E2FA9-03E9-4346-8D57-42CF67F1022C}.Release|Any CPU.ActiveCfg = Release|Any CPU
		{897E2FA9-03E9-4346-8D57-42CF67F1022C}.Release|Any CPU.Build.0 = Release|Any CPU
	EndGlobalSection
	GlobalSection(SolutionProperties) = preSolution
		HideSolutionNode = FALSE
	EndGlobalSection
	GlobalSection(ExtensibilityGlobals) = postSolution
		SolutionGuid = {158478F9-97CB-4373-818F-A3006423F627}
	EndGlobalSection
EndGlobal
